
Microsoft Visual Studio Solution File, Format Version 12.00
# Visual Studio 15
VisualStudioVersion = 15.0.28307.779
MinimumVisualStudioVersion = 10.0.40219.1
Project("{FAE04EC0-301F-11D3-BF4B-00C04F79EFBC}") = "ObligatoriskOpgave5", "ObligatoriskOpgave5\ObligatoriskOpgave5.csproj", "{BB235D32-174D-4D90-B87E-2AB66424683D}"
EndProject
Global
	GlobalSection(SolutionConfigurationPlatforms) = preSolution
		Debug|Any CPU = Debug|Any CPU
		Release|Any CPU = Release|Any CPU
	EndGlobalSection
	GlobalSection(ProjectConfigurationPlatforms) = postSolution
		{BB235D32-174D-4D90-B87E-2AB66424683D}.Debug|Any CPU.ActiveCfg = Debug|Any CPU
		{BB235D32-174D-4D90-B87E-2AB66424683D}.Debug|Any CPU.Build.0 = Debug|Any CPU
		{BB235D32-174D-4D90-B87E-2AB66424683D}.Release|Any CPU.ActiveCfg = Release|Any CPU
		{BB235D32-174D-4D90-B87E-2AB66424683D}.Release|Any CPU.Build.0 = Release|Any CPU
	EndGlobalSection
	GlobalSection(SolutionProperties) = preSolution
		HideSolutionNode = FALSE
	EndGlobalSection
	GlobalSection(ExtensibilityGlobals) = postSolution
		SolutionGuid = {53FF2306-8E43-4DF4-9BB4-299A33284158}
	EndGlobalSection
EndGlobal
